
Microsoft Visual Studio Solution File, Format Version 12.00
# Visual Studio Version 17
VisualStudioVersion = 17.9.34616.47
MinimumVisualStudioVersion = 10.0.40219.1
Project("{8BC9CEB8-8B4A-11D0-8D11-00A0C91BC942}") = "Lock", "Lock\Lock.vcxproj", "{D7067C7B-1053-4C88-AA88-821480C076F2}"
EndProject
Project("{8BC9CEB8-8B4A-11D0-8D11-00A0C91BC942}") = "Shock", "Shock\Shock.vcxproj", "{6554657B-2CC0-447F-A0CE-116988BC680F}"
EndProject
Project("{8BC9CEB8-8B4A-11D0-8D11-00A0C91BC942}") = "Barrel", "Barrel\Barrel.vcxproj", "{C3E4FF89-B4CC-4169-918A-0C00168702BB}"
EndProject
Global
	GlobalSection(SolutionConfigurationPlatforms) = preSolution
		Debug|x64 = Debug|x64
		Debug|x86 = Debug|x86
		Release|x64 = Release|x64
		Release|x86 = Release|x86
	EndGlobalSection
	GlobalSection(ProjectConfigurationPlatforms) = postSolution
		{D7067C7B-1053-4C88-AA88-821480C076F2}.Debug|x64.ActiveCfg = Debug|x64
		{D7067C7B-1053-4C88-AA88-821480C076F2}.Debug|x64.Build.0 = Debug|x64
		{D7067C7B-1053-4C88-AA88-821480C076F2}.Debug|x86.ActiveCfg = Debug|Win32
		{D7067C7B-1053-4C88-AA88-821480C076F2}.Debug|x86.Build.0 = Debug|Win32
		{D7067C7B-1053-4C88-AA88-821480C076F2}.Release|x64.ActiveCfg = Release|x64
		{D7067C7B-1053-4C88-AA88-821480C076F2}.Release|x64.Build.0 = Release|x64
		{D7067C7B-1053-4C88-AA88-821480C076F2}.Release|x86.ActiveCfg = Release|Win32
		{D7067C7B-1053-4C88-AA88-821480C076F2}.Release|x86.Build.0 = Release|Win32
		{6554657B-2CC0-447F-A0CE-116988BC680F}.Debug|x64.ActiveCfg = Debug|x64
		{6554657B-2CC0-447F-A0CE-116988BC680F}.Debug|x64.Build.0 = Debug|x64
		{6554657B-2CC0-447F-A0CE-116988BC680F}.Debug|x86.ActiveCfg = Debug|Win32
		{6554657B-2CC0-447F-A0CE-116988BC680F}.Debug|x86.Build.0 = Debug|Win32
		{6554657B-2CC0-447F-A0CE-116988BC680F}.Release|x64.ActiveCfg = Release|x64
		{6554657B-2CC0-447F-A0CE-116988BC680F}.Release|x64.Build.0 = Release|x64
		{6554657B-2CC0-447F-A0CE-116988BC680F}.Release|x86.ActiveCfg = Release|Win32
		{6554657B-2CC0-447F-A0CE-116988BC680F}.Release|x86.Build.0 = Release|Win32
		{C3E4FF89-B4CC-4169-918A-0C00168702BB}.Debug|x64.ActiveCfg = Debug|x64
		{C3E4FF89-B4CC-4169-918A-0C00168702BB}.Debug|x64.Build.0 = Debug|x64
		{C3E4FF89-B4CC-4169-918A-0C00168702BB}.Debug|x86.ActiveCfg = Debug|Win32
		{C3E4FF89-B4CC-4169-918A-0C00168702BB}.Debug|x86.Build.0 = Debug|Win32
		{C3E4FF89-B4CC-4169-918A-0C00168702BB}.Release|x64.ActiveCfg = Release|x64
		{C3E4FF89-B4CC-4169-918A-0C00168702BB}.Release|x64.Build.0 = Release|x64
		{C3E4FF89-B4CC-4169-918A-0C00168702BB}.Release|x86.ActiveCfg = Release|Win32
		{C3E4FF89-B4CC-4169-918A-0C00168702BB}.Release|x86.Build.0 = Release|Win32
	EndGlobalSection
	GlobalSection(SolutionProperties) = preSolution
		HideSolutionNode = FALSE
	EndGlobalSection
	GlobalSection(ExtensibilityGlobals) = postSolution
		SolutionGuid = {03EFEBBA-7812-4262-8068-E165FC5F07EB}
	EndGlobalSection
EndGlobal
