
Microsoft Visual Studio Solution File, Format Version 12.00
# Visual Studio Version 17
VisualStudioVersion = 17.9.34616.47
MinimumVisualStudioVersion = 10.0.40219.1
Project("{FAE04EC0-301F-11D3-BF4B-00C04F79EFBC}") = "Lock", "Lock\Lock.csproj", "{C666C98C-84C3-4A5A-A73B-2FC711CFCB7F}"
EndProject
Project("{FAE04EC0-301F-11D3-BF4B-00C04F79EFBC}") = "Shock", "Shock\Shock.csproj", "{7A4B0AFE-8F2E-4B96-8AB1-79D0AB2A588E}"
EndProject
Project("{FAE04EC0-301F-11D3-BF4B-00C04F79EFBC}") = "Barrel", "Barrel\Barrel.csproj", "{4B650E1B-FCAF-412C-90B9-676F73E0B996}"
EndProject
Project("{FAE04EC0-301F-11D3-BF4B-00C04F79EFBC}") = "Trick", "Trick\Trick.csproj", "{6F3DA7AB-E442-4DD4-AE68-0C7FFE2FBD23}"
EndProject
Global
	GlobalSection(SolutionConfigurationPlatforms) = preSolution
		Debug|Any CPU = Debug|Any CPU
		Debug|x64 = Debug|x64
		Release|Any CPU = Release|Any CPU
		Release|x64 = Release|x64
	EndGlobalSection
	GlobalSection(ProjectConfigurationPlatforms) = postSolution
		{C666C98C-84C3-4A5A-A73B-2FC711CFCB7F}.Debug|Any CPU.ActiveCfg = Debug|Any CPU
		{C666C98C-84C3-4A5A-A73B-2FC711CFCB7F}.Debug|Any CPU.Build.0 = Debug|Any CPU
		{C666C98C-84C3-4A5A-A73B-2FC711CFCB7F}.Debug|x64.ActiveCfg = Debug|x64
		{C666C98C-84C3-4A5A-A73B-2FC711CFCB7F}.Debug|x64.Build.0 = Debug|x64
		{C666C98C-84C3-4A5A-A73B-2FC711CFCB7F}.Release|Any CPU.ActiveCfg = Release|Any CPU
		{C666C98C-84C3-4A5A-A73B-2FC711CFCB7F}.Release|Any CPU.Build.0 = Release|Any CPU
		{C666C98C-84C3-4A5A-A73B-2FC711CFCB7F}.Release|x64.ActiveCfg = Release|x64
		{C666C98C-84C3-4A5A-A73B-2FC711CFCB7F}.Release|x64.Build.0 = Release|x64
		{7A4B0AFE-8F2E-4B96-8AB1-79D0AB2A588E}.Debug|Any CPU.ActiveCfg = Debug|Any CPU
		{7A4B0AFE-8F2E-4B96-8AB1-79D0AB2A588E}.Debug|Any CPU.Build.0 = Debug|Any CPU
		{7A4B0AFE-8F2E-4B96-8AB1-79D0AB2A588E}.Debug|x64.ActiveCfg = Debug|x64
		{7A4B0AFE-8F2E-4B96-8AB1-79D0AB2A588E}.Debug|x64.Build.0 = Debug|x64
		{7A4B0AFE-8F2E-4B96-8AB1-79D0AB2A588E}.Release|Any CPU.ActiveCfg = Release|Any CPU
		{7A4B0AFE-8F2E-4B96-8AB1-79D0AB2A588E}.Release|Any CPU.Build.0 = Release|Any CPU
		{7A4B0AFE-8F2E-4B96-8AB1-79D0AB2A588E}.Release|x64.ActiveCfg = Release|x64
		{7A4B0AFE-8F2E-4B96-8AB1-79D0AB2A588E}.Release|x64.Build.0 = Release|x64
		{4B650E1B-FCAF-412C-90B9-676F73E0B996}.Debug|Any CPU.ActiveCfg = Debug|Any CPU
		{4B650E1B-FCAF-412C-90B9-676F73E0B996}.Debug|Any CPU.Build.0 = Debug|Any CPU
		{4B650E1B-FCAF-412C-90B9-676F73E0B996}.Debug|x64.ActiveCfg = Debug|x64
		{4B650E1B-FCAF-412C-90B9-676F73E0B996}.Debug|x64.Build.0 = Debug|x64
		{4B650E1B-FCAF-412C-90B9-676F73E0B996}.Release|Any CPU.ActiveCfg = Release|Any CPU
		{4B650E1B-FCAF-412C-90B9-676F73E0B996}.Release|Any CPU.Build.0 = Release|Any CPU
		{4B650E1B-FCAF-412C-90B9-676F73E0B996}.Release|x64.ActiveCfg = Release|x64
		{4B650E1B-FCAF-412C-90B9-676F73E0B996}.Release|x64.Build.0 = Release|x64
		{6F3DA7AB-E442-4DD4-AE68-0C7FFE2FBD23}.Debug|Any CPU.ActiveCfg = Debug|Any CPU
		{6F3DA7AB-E442-4DD4-AE68-0C7FFE2FBD23}.Debug|Any CPU.Build.0 = Debug|Any CPU
		{6F3DA7AB-E442-4DD4-AE68-0C7FFE2FBD23}.Debug|x64.ActiveCfg = Debug|Any CPU
		{6F3DA7AB-E442-4DD4-AE68-0C7FFE2FBD23}.Debug|x64.Build.0 = Debug|Any CPU
		{6F3DA7AB-E442-4DD4-AE68-0C7FFE2FBD23}.Release|Any CPU.ActiveCfg = Release|Any CPU
		{6F3DA7AB-E442-4DD4-AE68-0C7FFE2FBD23}.Release|Any CPU.Build.0 = Release|Any CPU
		{6F3DA7AB-E442-4DD4-AE68-0C7FFE2FBD23}.Release|x64.ActiveCfg = Release|x64
		{6F3DA7AB-E442-4DD4-AE68-0C7FFE2FBD23}.Release|x64.Build.0 = Release|x64
	EndGlobalSection
	GlobalSection(SolutionProperties) = preSolution
		HideSolutionNode = FALSE
	EndGlobalSection
	GlobalSection(ExtensibilityGlobals) = postSolution
		SolutionGuid = {F6446D12-9834-4D11-A43F-7793C4A6938D}
	EndGlobalSection
EndGlobal
